
Microsoft Visual Studio Solution File, Format Version 12.00
# Visual Studio 15
VisualStudioVersion = 15.0.27703.2026
MinimumVisualStudioVersion = 10.0.40219.1
Project("{FAE04EC0-301F-11D3-BF4B-00C04F79EFBC}") = "DotNet.WEB", "DotNet.WEB\DotNet.WEB.csproj", "{1EE31B58-FC10-4B6E-8545-1E934A50DC9F}"
EndProject
Project("{9A19103F-16F7-4668-BE54-9A1E7A4F7556}") = "DotNet.BLL", "DotNet.BLL\DotNet.BLL.csproj", "{FDC2FB24-8955-4500-9254-4D7C21D06F60}"
EndProject
Project("{9A19103F-16F7-4668-BE54-9A1E7A4F7556}") = "DotNet.DAL", "DotNet.DAL\DotNet.DAL.csproj", "{14DA75E9-A7BA-4D5E-A9A1-6F502B38ED0F}"
EndProject
Global
	GlobalSection(SolutionConfigurationPlatforms) = preSolution
		Debug|Any CPU = Debug|Any CPU
		Release|Any CPU = Release|Any CPU
	EndGlobalSection
	GlobalSection(ProjectConfigurationPlatforms) = postSolution
		{1EE31B58-FC10-4B6E-8545-1E934A50DC9F}.Debug|Any CPU.ActiveCfg = Debug|Any CPU
		{1EE31B58-FC10-4B6E-8545-1E934A50DC9F}.Debug|Any CPU.Build.0 = Debug|Any CPU
		{1EE31B58-FC10-4B6E-8545-1E934A50DC9F}.Release|Any CPU.ActiveCfg = Release|Any CPU
		{1EE31B58-FC10-4B6E-8545-1E934A50DC9F}.Release|Any CPU.Build.0 = Release|Any CPU
		{FDC2FB24-8955-4500-9254-4D7C21D06F60}.Debug|Any CPU.ActiveCfg = Debug|Any CPU
		{FDC2FB24-8955-4500-9254-4D7C21D06F60}.Debug|Any CPU.Build.0 = Debug|Any CPU
		{FDC2FB24-8955-4500-9254-4D7C21D06F60}.Release|Any CPU.ActiveCfg = Release|Any CPU
		{FDC2FB24-8955-4500-9254-4D7C21D06F60}.Release|Any CPU.Build.0 = Release|Any CPU
		{14DA75E9-A7BA-4D5E-A9A1-6F502B38ED0F}.Debug|Any CPU.ActiveCfg = Debug|Any CPU
		{14DA75E9-A7BA-4D5E-A9A1-6F502B38ED0F}.Debug|Any CPU.Build.0 = Debug|Any CPU
		{14DA75E9-A7BA-4D5E-A9A1-6F502B38ED0F}.Release|Any CPU.ActiveCfg = Release|Any CPU
		{14DA75E9-A7BA-4D5E-A9A1-6F502B38ED0F}.Release|Any CPU.Build.0 = Release|Any CPU
	EndGlobalSection
	GlobalSection(SolutionProperties) = preSolution
		HideSolutionNode = FALSE
	EndGlobalSection
	GlobalSection(ExtensibilityGlobals) = postSolution
		SolutionGuid = {26F4A501-5BF7-4BD6-A944-3D70D4B95661}
	EndGlobalSection
EndGlobal
